
Microsoft Visual Studio Solution File, Format Version 12.00
# Visual Studio Version 17
VisualStudioVersion = 17.14.36109.1
MinimumVisualStudioVersion = 10.0.40219.1
Project("{FAE04EC0-301F-11D3-BF4B-00C04F79EFBC}") = "Progress.Domain", "Progress.Domain\Progress.Domain.csproj", "{46FC648E-50A6-441B-8C96-B18926046D77}"
EndProject
Project("{FAE04EC0-301F-11D3-BF4B-00C04F79EFBC}") = "Progress.Application", "Progress.Service\Progress.Application.csproj", "{AA39E959-7D2A-4908-B939-994F1B3DD307}"
EndProject
Project("{FAE04EC0-301F-11D3-BF4B-00C04F79EFBC}") = "Progress.Data", "Progress.Data\Progress.Data.csproj", "{2850711B-661A-4CCC-A3E2-0B39B8115BC6}"
EndProject
Project("{FAE04EC0-301F-11D3-BF4B-00C04F79EFBC}") = "Progress.API", "Progress.API\Progress.API.csproj", "{3242F453-09BF-43EF-BDDF-66F3128B4797}"
EndProject
Project("{FAE04EC0-301F-11D3-BF4B-00C04F79EFBC}") = "Progress.Tests", "Progress.Tests\Progress.Tests.csproj", "{F9D18635-8E0B-4C7B-A696-2D3D7A675B3E}"
EndProject
Global
	GlobalSection(SolutionConfigurationPlatforms) = preSolution
		Debug|Any CPU = Debug|Any CPU
		Release|Any CPU = Release|Any CPU
	EndGlobalSection
	GlobalSection(ProjectConfigurationPlatforms) = postSolution
		{46FC648E-50A6-441B-8C96-B18926046D77}.Debug|Any CPU.ActiveCfg = Debug|Any CPU
		{46FC648E-50A6-441B-8C96-B18926046D77}.Debug|Any CPU.Build.0 = Debug|Any CPU
		{46FC648E-50A6-441B-8C96-B18926046D77}.Release|Any CPU.ActiveCfg = Release|Any CPU
		{46FC648E-50A6-441B-8C96-B18926046D77}.Release|Any CPU.Build.0 = Release|Any CPU
		{AA39E959-7D2A-4908-B939-994F1B3DD307}.Debug|Any CPU.ActiveCfg = Debug|Any CPU
		{AA39E959-7D2A-4908-B939-994F1B3DD307}.Debug|Any CPU.Build.0 = Debug|Any CPU
		{AA39E959-7D2A-4908-B939-994F1B3DD307}.Release|Any CPU.ActiveCfg = Release|Any CPU
		{AA39E959-7D2A-4908-B939-994F1B3DD307}.Release|Any CPU.Build.0 = Release|Any CPU
		{2850711B-661A-4CCC-A3E2-0B39B8115BC6}.Debug|Any CPU.ActiveCfg = Debug|Any CPU
		{2850711B-661A-4CCC-A3E2-0B39B8115BC6}.Debug|Any CPU.Build.0 = Debug|Any CPU
		{2850711B-661A-4CCC-A3E2-0B39B8115BC6}.Release|Any CPU.ActiveCfg = Release|Any CPU
		{2850711B-661A-4CCC-A3E2-0B39B8115BC6}.Release|Any CPU.Build.0 = Release|Any CPU
		{3242F453-09BF-43EF-BDDF-66F3128B4797}.Debug|Any CPU.ActiveCfg = Debug|Any CPU
		{3242F453-09BF-43EF-BDDF-66F3128B4797}.Debug|Any CPU.Build.0 = Debug|Any CPU
		{3242F453-09BF-43EF-BDDF-66F3128B4797}.Release|Any CPU.ActiveCfg = Release|Any CPU
		{3242F453-09BF-43EF-BDDF-66F3128B4797}.Release|Any CPU.Build.0 = Release|Any CPU
		{F9D18635-8E0B-4C7B-A696-2D3D7A675B3E}.Debug|Any CPU.ActiveCfg = Debug|Any CPU
		{F9D18635-8E0B-4C7B-A696-2D3D7A675B3E}.Debug|Any CPU.Build.0 = Debug|Any CPU
		{F9D18635-8E0B-4C7B-A696-2D3D7A675B3E}.Release|Any CPU.ActiveCfg = Release|Any CPU
		{F9D18635-8E0B-4C7B-A696-2D3D7A675B3E}.Release|Any CPU.Build.0 = Release|Any CPU
	EndGlobalSection
	GlobalSection(SolutionProperties) = preSolution
		HideSolutionNode = FALSE
	EndGlobalSection
	GlobalSection(ExtensibilityGlobals) = postSolution
		SolutionGuid = {1D4F2690-AC65-4747-9806-255D0BB270EB}
	EndGlobalSection
EndGlobal
